
Microsoft Visual Studio Solution File, Format Version 12.00
# Visual Studio Version 17
VisualStudioVersion = 17.4.33103.184
MinimumVisualStudioVersion = 10.0.40219.1
Project("{2150E333-8FDC-42A3-9474-1A3956D46DE8}") = "src", "src", "{97472683-20C4-478F-90E0-3944DCE7CEC1}"
EndProject
Project("{2150E333-8FDC-42A3-9474-1A3956D46DE8}") = "test", "test", "{67A010DC-D483-4030-82D7-E4F681DA374B}"
EndProject
Project("{2150E333-8FDC-42A3-9474-1A3956D46DE8}") = "Api", "Api", "{209F5313-7C0B-4FBC-A95C-3C91A673FCE2}"
EndProject
Project("{2150E333-8FDC-42A3-9474-1A3956D46DE8}") = "Core", "Core", "{7DA8EF30-E1B0-4517-A29E-393E47444CC3}"
EndProject
Project("{2150E333-8FDC-42A3-9474-1A3956D46DE8}") = "Infrastructure", "Infrastructure", "{EDE87F26-65A9-4A13-A91F-BEBA92643A70}"
EndProject
Project("{2150E333-8FDC-42A3-9474-1A3956D46DE8}") = "UI", "UI", "{F43C818B-E3EF-4009-9831-BB2CB5484B12}"
EndProject
Project("{2150E333-8FDC-42A3-9474-1A3956D46DE8}") = "Doc", "Doc", "{2A2D535E-068B-4994-A283-BB5D98FC40FE}"
	ProjectSection(SolutionItems) = preProject
		TextFile1.txt = TextFile1.txt
	EndProjectSection
EndProject
Project("{9A19103F-16F7-4668-BE54-9A1E7A4F7556}") = "HR_Management.Domain", "src\Core\HR_Management.Domain\HR_Management.Domain.csproj", "{963C90C3-319E-49D9-BC47-A26330A1C293}"
EndProject
Project("{9A19103F-16F7-4668-BE54-9A1E7A4F7556}") = "HR_Management.Application", "src\Core\HR_Management.Application\HR_Management.Application.csproj", "{EA064544-5B3C-4DBD-8163-CAD46938D252}"
EndProject
Project("{9A19103F-16F7-4668-BE54-9A1E7A4F7556}") = "HR_Management.Infrastructure", "src\Infestructure\HR_Management.Infrastructure\HR_Management.Infrastructure.csproj", "{028312E5-C7CE-4293-BE1C-019C20A8F777}"
EndProject
Project("{9A19103F-16F7-4668-BE54-9A1E7A4F7556}") = "HR_Management.Persistence", "src\Infestructure\HR_Management.Persistence\HR_Management.Persistence.csproj", "{C1249BE6-3876-457A-B0B6-04F6FE61F26C}"
EndProject
Project("{9A19103F-16F7-4668-BE54-9A1E7A4F7556}") = "HR_Management.Api", "src\Api\HR_Management.Api\HR_Management.Api.csproj", "{F5A85863-787E-4B30-84BC-E6B8987A2868}"
EndProject
Project("{9A19103F-16F7-4668-BE54-9A1E7A4F7556}") = "HR_Management.Test", "test\HR_Management.Test\HR_Management.Test.csproj", "{157B256B-6635-4B20-B74D-7FED02E7B387}"
EndProject
Project("{FAE04EC0-301F-11D3-BF4B-00C04F79EFBC}") = "HR_Management.MVC", "src\UI\HR_Management.MVC\HR_Management.MVC.csproj", "{789CF250-E92A-44DB-B569-1F336D686F14}"
EndProject
Global
	GlobalSection(SolutionConfigurationPlatforms) = preSolution
		Debug|Any CPU = Debug|Any CPU
		Release|Any CPU = Release|Any CPU
	EndGlobalSection
	GlobalSection(ProjectConfigurationPlatforms) = postSolution
		{963C90C3-319E-49D9-BC47-A26330A1C293}.Debug|Any CPU.ActiveCfg = Debug|Any CPU
		{963C90C3-319E-49D9-BC47-A26330A1C293}.Debug|Any CPU.Build.0 = Debug|Any CPU
		{963C90C3-319E-49D9-BC47-A26330A1C293}.Release|Any CPU.ActiveCfg = Release|Any CPU
		{963C90C3-319E-49D9-BC47-A26330A1C293}.Release|Any CPU.Build.0 = Release|Any CPU
		{EA064544-5B3C-4DBD-8163-CAD46938D252}.Debug|Any CPU.ActiveCfg = Debug|Any CPU
		{EA064544-5B3C-4DBD-8163-CAD46938D252}.Debug|Any CPU.Build.0 = Debug|Any CPU
		{EA064544-5B3C-4DBD-8163-CAD46938D252}.Release|Any CPU.ActiveCfg = Release|Any CPU
		{EA064544-5B3C-4DBD-8163-CAD46938D252}.Release|Any CPU.Build.0 = Release|Any CPU
		{028312E5-C7CE-4293-BE1C-019C20A8F777}.Debug|Any CPU.ActiveCfg = Debug|Any CPU
		{028312E5-C7CE-4293-BE1C-019C20A8F777}.Debug|Any CPU.Build.0 = Debug|Any CPU
		{028312E5-C7CE-4293-BE1C-019C20A8F777}.Release|Any CPU.ActiveCfg = Release|Any CPU
		{028312E5-C7CE-4293-BE1C-019C20A8F777}.Release|Any CPU.Build.0 = Release|Any CPU
		{C1249BE6-3876-457A-B0B6-04F6FE61F26C}.Debug|Any CPU.ActiveCfg = Debug|Any CPU
		{C1249BE6-3876-457A-B0B6-04F6FE61F26C}.Debug|Any CPU.Build.0 = Debug|Any CPU
		{C1249BE6-3876-457A-B0B6-04F6FE61F26C}.Release|Any CPU.ActiveCfg = Release|Any CPU
		{C1249BE6-3876-457A-B0B6-04F6FE61F26C}.Release|Any CPU.Build.0 = Release|Any CPU
		{F5A85863-787E-4B30-84BC-E6B8987A2868}.Debug|Any CPU.ActiveCfg = Debug|Any CPU
		{F5A85863-787E-4B30-84BC-E6B8987A2868}.Debug|Any CPU.Build.0 = Debug|Any CPU
		{F5A85863-787E-4B30-84BC-E6B8987A2868}.Release|Any CPU.ActiveCfg = Release|Any CPU
		{F5A85863-787E-4B30-84BC-E6B8987A2868}.Release|Any CPU.Build.0 = Release|Any CPU
		{157B256B-6635-4B20-B74D-7FED02E7B387}.Debug|Any CPU.ActiveCfg = Debug|Any CPU
		{157B256B-6635-4B20-B74D-7FED02E7B387}.Debug|Any CPU.Build.0 = Debug|Any CPU
		{157B256B-6635-4B20-B74D-7FED02E7B387}.Release|Any CPU.ActiveCfg = Release|Any CPU
		{157B256B-6635-4B20-B74D-7FED02E7B387}.Release|Any CPU.Build.0 = Release|Any CPU
		{789CF250-E92A-44DB-B569-1F336D686F14}.Debug|Any CPU.ActiveCfg = Debug|Any CPU
		{789CF250-E92A-44DB-B569-1F336D686F14}.Debug|Any CPU.Build.0 = Debug|Any CPU
		{789CF250-E92A-44DB-B569-1F336D686F14}.Release|Any CPU.ActiveCfg = Release|Any CPU
		{789CF250-E92A-44DB-B569-1F336D686F14}.Release|Any CPU.Build.0 = Release|Any CPU
	EndGlobalSection
	GlobalSection(SolutionProperties) = preSolution
		HideSolutionNode = FALSE
	EndGlobalSection
	GlobalSection(NestedProjects) = preSolution
		{209F5313-7C0B-4FBC-A95C-3C91A673FCE2} = {97472683-20C4-478F-90E0-3944DCE7CEC1}
		{7DA8EF30-E1B0-4517-A29E-393E47444CC3} = {97472683-20C4-478F-90E0-3944DCE7CEC1}
		{EDE87F26-65A9-4A13-A91F-BEBA92643A70} = {97472683-20C4-478F-90E0-3944DCE7CEC1}
		{F43C818B-E3EF-4009-9831-BB2CB5484B12} = {97472683-20C4-478F-90E0-3944DCE7CEC1}
		{963C90C3-319E-49D9-BC47-A26330A1C293} = {7DA8EF30-E1B0-4517-A29E-393E47444CC3}
		{EA064544-5B3C-4DBD-8163-CAD46938D252} = {7DA8EF30-E1B0-4517-A29E-393E47444CC3}
		{028312E5-C7CE-4293-BE1C-019C20A8F777} = {EDE87F26-65A9-4A13-A91F-BEBA92643A70}
		{C1249BE6-3876-457A-B0B6-04F6FE61F26C} = {EDE87F26-65A9-4A13-A91F-BEBA92643A70}
		{F5A85863-787E-4B30-84BC-E6B8987A2868} = {209F5313-7C0B-4FBC-A95C-3C91A673FCE2}
		{157B256B-6635-4B20-B74D-7FED02E7B387} = {67A010DC-D483-4030-82D7-E4F681DA374B}
		{789CF250-E92A-44DB-B569-1F336D686F14} = {F43C818B-E3EF-4009-9831-BB2CB5484B12}
	EndGlobalSection
	GlobalSection(ExtensibilityGlobals) = postSolution
		SolutionGuid = {907B4B40-A8B6-49A6-9223-68907A94DF69}
	EndGlobalSection
EndGlobal
