
Microsoft Visual Studio Solution File, Format Version 12.00
# Visual Studio Version 17
VisualStudioVersion = 17.4.33103.184
MinimumVisualStudioVersion = 10.0.40219.1
Project("{2150E333-8FDC-42A3-9474-1A3956D46DE8}") = "src", "src", "{97472683-20C4-478F-90E0-3944DCE7CEC1}"
EndProject
Project("{2150E333-8FDC-42A3-9474-1A3956D46DE8}") = "test", "test", "{67A010DC-D483-4030-82D7-E4F681DA374B}"
EndProject
Project("{2150E333-8FDC-42A3-9474-1A3956D46DE8}") = "Api", "Api", "{209F5313-7C0B-4FBC-A95C-3C91A673FCE2}"
EndProject
Project("{2150E333-8FDC-42A3-9474-1A3956D46DE8}") = "Core", "Core", "{7DA8EF30-E1B0-4517-A29E-393E47444CC3}"
EndProject
Project("{2150E333-8FDC-42A3-9474-1A3956D46DE8}") = "Infrastructure", "Infrastructure", "{EDE87F26-65A9-4A13-A91F-BEBA92643A70}"
EndProject
Project("{2150E333-8FDC-42A3-9474-1A3956D46DE8}") = "UI", "UI", "{F43C818B-E3EF-4009-9831-BB2CB5484B12}"
EndProject
Project("{FAE04EC0-301F-11D3-BF4B-00C04F79EFBC}") = "HR_Management.Domain", "HR_Management.Domain\HR_Management.Domain.csproj", "{EA169183-99AF-4F69-A50E-757D53FF1919}"
EndProject
Project("{2150E333-8FDC-42A3-9474-1A3956D46DE8}") = "Doc", "Doc", "{2A2D535E-068B-4994-A283-BB5D98FC40FE}"
EndProject
Global
	GlobalSection(SolutionConfigurationPlatforms) = preSolution
		Debug|Any CPU = Debug|Any CPU
		Release|Any CPU = Release|Any CPU
	EndGlobalSection
	GlobalSection(ProjectConfigurationPlatforms) = postSolution
		{EA169183-99AF-4F69-A50E-757D53FF1919}.Debug|Any CPU.ActiveCfg = Debug|Any CPU
		{EA169183-99AF-4F69-A50E-757D53FF1919}.Debug|Any CPU.Build.0 = Debug|Any CPU
		{EA169183-99AF-4F69-A50E-757D53FF1919}.Release|Any CPU.ActiveCfg = Release|Any CPU
		{EA169183-99AF-4F69-A50E-757D53FF1919}.Release|Any CPU.Build.0 = Release|Any CPU
	EndGlobalSection
	GlobalSection(SolutionProperties) = preSolution
		HideSolutionNode = FALSE
	EndGlobalSection
	GlobalSection(NestedProjects) = preSolution
		{209F5313-7C0B-4FBC-A95C-3C91A673FCE2} = {97472683-20C4-478F-90E0-3944DCE7CEC1}
		{7DA8EF30-E1B0-4517-A29E-393E47444CC3} = {97472683-20C4-478F-90E0-3944DCE7CEC1}
		{EDE87F26-65A9-4A13-A91F-BEBA92643A70} = {97472683-20C4-478F-90E0-3944DCE7CEC1}
		{F43C818B-E3EF-4009-9831-BB2CB5484B12} = {97472683-20C4-478F-90E0-3944DCE7CEC1}
		{EA169183-99AF-4F69-A50E-757D53FF1919} = {7DA8EF30-E1B0-4517-A29E-393E47444CC3}
	EndGlobalSection
	GlobalSection(ExtensibilityGlobals) = postSolution
		SolutionGuid = {907B4B40-A8B6-49A6-9223-68907A94DF69}
	EndGlobalSection
EndGlobal
